github.com/Showmax/go-fqdn v1.0.0 h1:0rG5IbmVliNT5O19Mfuvna9LL7zlHyRfsSvBPZmF9tM=
github.com/Showmax/go-fqdn v1.0.0/go.mod h1:SfrFBzmDCtCGrnHhoDjuvFnKsWjEQX/Q9ARZvOrJAko=
github.com/acceldata-io/goutils/libsysd v0.0.0-20221129134101-ed42388f3e5f h1:UdqDEWB9IY4YRmq4OG+BEYfDnYuXqzs2pd5pLAc6Aco=
github.com/acceldata-io/goutils/libsysd v0.0.0-20221129134101-ed42388f3e5f/go.mod h1:bIZ5Hq3SYeh5BJnnPHzYz1LKBfYn4xFU/4+0cHc/ZuE=
github.com/acceldata-io/goutils/netutils v0.0.0-20221123071238-583f037c16b2 h1:Kk5r46pVe4eQyIuwMHVlGHiJo2dBilzSO19rH+b9ENg=
github.com/acceldata-io/goutils/netutils v0.0.0-20221123071238-583f037c16b2/go.mod h1:S2WlJWruUcxkRP29i/9Pc6h8UtYJxLzZmtiJzrq+fA4=
github.com/acceldata-io/goutils/shellutils v0.0.0-20221123071023-3339e0dfbdb0 h1:WC9PW2+yR3sxyVGDeKc/2p1mDvGW4c5PzunfxK80aOc=
github.com/acceldata-io/goutils/shellutils v0.0.0-20221123071023-3339e0dfbdb0/go.mod h1:IYKZY4jQZsawSWAHKJ+l2WOnJA/nh/cUTk2yQCvY4zg=
github.com/coreos/go-systemd/v22 v22.5.0 h1:RrqgGjYQKalulkV8NGVIfkXQf6YYmOyiJKk8iXXhfZs=
github.com/coreos/go-systemd/v22 v22.5.0/go.mod h1:Y58oyj3AT4RCenI/lSvhwexgC+NSVTIJ3seZv2GcEnc=
github.com/gobwas/glob v0.2.3 h1:A4xDbljILXROh+kObIiy5kIaPYD8e96x1tgBhUI5J+Y=
github.com/gobwas/glob v0.2.3/go.mod h1:d3Ez4x06l9bZtSvzIay5+Yzi0fmZzPgnTbPcKjJAkT8=
github.com/godbus/dbus/v5 v5.0.4 h1:9349emZab16e7zQvpmsbtjc18ykshndd8y2PG3sgJbA=
github.com/godbus/dbus/v5 v5.0.4/go.mod h1:xhWf0FNVPg57R7Z0UbKHbJfkEywrmjJnf7w5xrFpKfA=
github.com/google/go-cmp v0.5.6 h1:BKbKCqvP6I+rmFHt06ZmyQtvB8xAkWdhFyr0ZUNZcxQ=
github.com/google/go-cmp v0.5.6/go.mod h1:v8dTdLbMG2kIc/vJvl+f65V22dbkXbowE6jgT/gNBxE=
github.com/integrii/flaggy v1.5.2 h1:bWV20MQEngo4hWhno3i5Z9ISPxLPKj9NOGNwTWb/8IQ=
github.com/integrii/flaggy v1.5.2/go.mod h1:dO13u7SYuhk910nayCJ+s1DeAAGC1THCMj1uSFmwtQ8=
golang.org/x/xerrors v0.0.0-20191204190536-9bdfabe68543/go.mod h1:I/5z698sn9Ka8TeJc9MKroUUfqBBauWjQqLJ2OPfmY0=
